
Microsoft Visual Studio Solution File, Format Version 12.00
# Visual Studio Version 16
VisualStudioVersion = 16.0.30225.117
MinimumVisualStudioVersion = 10.0.40219.1
Project("{8BC9CEB8-8B4A-11D0-8D11-00A0C91BC942}") = "GLFW_AdvLighting", "GLFW_AdvLighting\GLFW_AdvLighting.vcxproj", "{6D0521D5-5A0C-43DF-8EF8-08A20F1133A0}"
EndProject
Project("{8BC9CEB8-8B4A-11D0-8D11-00A0C91BC942}") = "GLFW_Bloom", "GLFW_Bloom\GLFW_Bloom.vcxproj", "{DF8DF0F6-2E5A-4E47-9B8F-3FD2FA0CDA55}"
EndProject
Project("{8BC9CEB8-8B4A-11D0-8D11-00A0C91BC942}") = "GLFW_DeferredShading", "GLFW_DeferredShading\GLFW_DeferredShading.vcxproj", "{DDF736F1-EA12-489E-A650-21798FF2DA7C}"
EndProject
Project("{8BC9CEB8-8B4A-11D0-8D11-00A0C91BC942}") = "GLFW_HDR", "GLFW_HDR\GLFW_HDR.vcxproj", "{B59B8FBA-23CD-46BB-A18A-8439C2BAD053}"
EndProject
Project("{8BC9CEB8-8B4A-11D0-8D11-00A0C91BC942}") = "GLFW_Normal", "GLFW_Normal\GLFW_Normal.vcxproj", "{071BCB56-ADE7-4CCA-9740-3B06735DD16D}"
EndProject
Project("{8BC9CEB8-8B4A-11D0-8D11-00A0C91BC942}") = "GLFW_Parallax", "GLFW_Parallax\GLFW_Parallax.vcxproj", "{A0B7CA77-B91A-4DAE-8672-92BC53F449CE}"
EndProject
Project("{8BC9CEB8-8B4A-11D0-8D11-00A0C91BC942}") = "GLFW_Shadows", "GLFW_Shadows\GLFW_Shadows.vcxproj", "{F045D892-9596-4384-B586-4EF2FBB19BC6}"
EndProject
Project("{2150E333-8FDC-42A3-9474-1A3956D46DE8}") = "Solution Items", "Solution Items", "{99CCD2FA-CD7F-44CF-A139-2F4DD7AFA340}"
	ProjectSection(SolutionItems) = preProject
		README.md = README.md
	EndProjectSection
EndProject
Project("{8BC9CEB8-8B4A-11D0-8D11-00A0C91BC942}") = "GLFW_SSAO", "GLFW_SSAO\GLFW_SSAO.vcxproj", "{01FC0FD2-ADA3-4066-9D21-1C4E898EDD59}"
EndProject
Global
	GlobalSection(SolutionConfigurationPlatforms) = preSolution
		Debug|x64 = Debug|x64
		Debug|x86 = Debug|x86
		Release|x64 = Release|x64
		Release|x86 = Release|x86
	EndGlobalSection
	GlobalSection(ProjectConfigurationPlatforms) = postSolution
		{6D0521D5-5A0C-43DF-8EF8-08A20F1133A0}.Debug|x64.ActiveCfg = Debug|x64
		{6D0521D5-5A0C-43DF-8EF8-08A20F1133A0}.Debug|x64.Build.0 = Debug|x64
		{6D0521D5-5A0C-43DF-8EF8-08A20F1133A0}.Debug|x86.ActiveCfg = Debug|Win32
		{6D0521D5-5A0C-43DF-8EF8-08A20F1133A0}.Debug|x86.Build.0 = Debug|Win32
		{6D0521D5-5A0C-43DF-8EF8-08A20F1133A0}.Release|x64.ActiveCfg = Release|x64
		{6D0521D5-5A0C-43DF-8EF8-08A20F1133A0}.Release|x64.Build.0 = Release|x64
		{6D0521D5-5A0C-43DF-8EF8-08A20F1133A0}.Release|x86.ActiveCfg = Release|Win32
		{6D0521D5-5A0C-43DF-8EF8-08A20F1133A0}.Release|x86.Build.0 = Release|Win32
		{DF8DF0F6-2E5A-4E47-9B8F-3FD2FA0CDA55}.Debug|x64.ActiveCfg = Debug|x64
		{DF8DF0F6-2E5A-4E47-9B8F-3FD2FA0CDA55}.Debug|x64.Build.0 = Debug|x64
		{DF8DF0F6-2E5A-4E47-9B8F-3FD2FA0CDA55}.Debug|x86.ActiveCfg = Debug|Win32
		{DF8DF0F6-2E5A-4E47-9B8F-3FD2FA0CDA55}.Debug|x86.Build.0 = Debug|Win32
		{DF8DF0F6-2E5A-4E47-9B8F-3FD2FA0CDA55}.Release|x64.ActiveCfg = Release|x64
		{DF8DF0F6-2E5A-4E47-9B8F-3FD2FA0CDA55}.Release|x64.Build.0 = Release|x64
		{DF8DF0F6-2E5A-4E47-9B8F-3FD2FA0CDA55}.Release|x86.ActiveCfg = Release|Win32
		{DF8DF0F6-2E5A-4E47-9B8F-3FD2FA0CDA55}.Release|x86.Build.0 = Release|Win32
		{DDF736F1-EA12-489E-A650-21798FF2DA7C}.Debug|x64.ActiveCfg = Debug|x64
		{DDF736F1-EA12-489E-A650-21798FF2DA7C}.Debug|x64.Build.0 = Debug|x64
		{DDF736F1-EA12-489E-A650-21798FF2DA7C}.Debug|x86.ActiveCfg = Debug|Win32
		{DDF736F1-EA12-489E-A650-21798FF2DA7C}.Debug|x86.Build.0 = Debug|Win32
		{DDF736F1-EA12-489E-A650-21798FF2DA7C}.Release|x64.ActiveCfg = Release|x64
		{DDF736F1-EA12-489E-A650-21798FF2DA7C}.Release|x64.Build.0 = Release|x64
		{DDF736F1-EA12-489E-A650-21798FF2DA7C}.Release|x86.ActiveCfg = Release|Win32
		{DDF736F1-EA12-489E-A650-21798FF2DA7C}.Release|x86.Build.0 = Release|Win32
		{B59B8FBA-23CD-46BB-A18A-8439C2BAD053}.Debug|x64.ActiveCfg = Debug|x64
		{B59B8FBA-23CD-46BB-A18A-8439C2BAD053}.Debug|x64.Build.0 = Debug|x64
		{B59B8FBA-23CD-46BB-A18A-8439C2BAD053}.Debug|x86.ActiveCfg = Debug|Win32
		{B59B8FBA-23CD-46BB-A18A-8439C2BAD053}.Debug|x86.Build.0 = Debug|Win32
		{B59B8FBA-23CD-46BB-A18A-8439C2BAD053}.Release|x64.ActiveCfg = Release|x64
		{B59B8FBA-23CD-46BB-A18A-8439C2BAD053}.Release|x64.Build.0 = Release|x64
		{B59B8FBA-23CD-46BB-A18A-8439C2BAD053}.Release|x86.ActiveCfg = Release|Win32
		{B59B8FBA-23CD-46BB-A18A-8439C2BAD053}.Release|x86.Build.0 = Release|Win32
		{071BCB56-ADE7-4CCA-9740-3B06735DD16D}.Debug|x64.ActiveCfg = Debug|x64
		{071BCB56-ADE7-4CCA-9740-3B06735DD16D}.Debug|x64.Build.0 = Debug|x64
		{071BCB56-ADE7-4CCA-9740-3B06735DD16D}.Debug|x86.ActiveCfg = Debug|Win32
		{071BCB56-ADE7-4CCA-9740-3B06735DD16D}.Debug|x86.Build.0 = Debug|Win32
		{071BCB56-ADE7-4CCA-9740-3B06735DD16D}.Release|x64.ActiveCfg = Release|x64
		{071BCB56-ADE7-4CCA-9740-3B06735DD16D}.Release|x64.Build.0 = Release|x64
		{071BCB56-ADE7-4CCA-9740-3B06735DD16D}.Release|x86.ActiveCfg = Release|Win32
		{071BCB56-ADE7-4CCA-9740-3B06735DD16D}.Release|x86.Build.0 = Release|Win32
		{A0B7CA77-B91A-4DAE-8672-92BC53F449CE}.Debug|x64.ActiveCfg = Debug|x64
		{A0B7CA77-B91A-4DAE-8672-92BC53F449CE}.Debug|x64.Build.0 = Debug|x64
		{A0B7CA77-B91A-4DAE-8672-92BC53F449CE}.Debug|x86.ActiveCfg = Debug|Win32
		{A0B7CA77-B91A-4DAE-8672-92BC53F449CE}.Debug|x86.Build.0 = Debug|Win32
		{A0B7CA77-B91A-4DAE-8672-92BC53F449CE}.Release|x64.ActiveCfg = Release|x64
		{A0B7CA77-B91A-4DAE-8672-92BC53F449CE}.Release|x64.Build.0 = Release|x64
		{A0B7CA77-B91A-4DAE-8672-92BC53F449CE}.Release|x86.ActiveCfg = Release|Win32
		{A0B7CA77-B91A-4DAE-8672-92BC53F449CE}.Release|x86.Build.0 = Release|Win32
		{F045D892-9596-4384-B586-4EF2FBB19BC6}.Debug|x64.ActiveCfg = Debug|x64
		{F045D892-9596-4384-B586-4EF2FBB19BC6}.Debug|x64.Build.0 = Debug|x64
		{F045D892-9596-4384-B586-4EF2FBB19BC6}.Debug|x86.ActiveCfg = Debug|Win32
		{F045D892-9596-4384-B586-4EF2FBB19BC6}.Debug|x86.Build.0 = Debug|Win32
		{F045D892-9596-4384-B586-4EF2FBB19BC6}.Release|x64.ActiveCfg = Release|x64
		{F045D892-9596-4384-B586-4EF2FBB19BC6}.Release|x64.Build.0 = Release|x64
		{F045D892-9596-4384-B586-4EF2FBB19BC6}.Release|x86.ActiveCfg = Release|Win32
		{F045D892-9596-4384-B586-4EF2FBB19BC6}.Release|x86.Build.0 = Release|Win32
		{01FC0FD2-ADA3-4066-9D21-1C4E898EDD59}.Debug|x64.ActiveCfg = Debug|x64
		{01FC0FD2-ADA3-4066-9D21-1C4E898EDD59}.Debug|x64.Build.0 = Debug|x64
		{01FC0FD2-ADA3-4066-9D21-1C4E898EDD59}.Debug|x86.ActiveCfg = Debug|Win32
		{01FC0FD2-ADA3-4066-9D21-1C4E898EDD59}.Debug|x86.Build.0 = Debug|Win32
		{01FC0FD2-ADA3-4066-9D21-1C4E898EDD59}.Release|x64.ActiveCfg = Release|x64
		{01FC0FD2-ADA3-4066-9D21-1C4E898EDD59}.Release|x64.Build.0 = Release|x64
		{01FC0FD2-ADA3-4066-9D21-1C4E898EDD59}.Release|x86.ActiveCfg = Release|Win32
		{01FC0FD2-ADA3-4066-9D21-1C4E898EDD59}.Release|x86.Build.0 = Release|Win32
	EndGlobalSection
	GlobalSection(SolutionProperties) = preSolution
		HideSolutionNode = FALSE
	EndGlobalSection
	GlobalSection(ExtensibilityGlobals) = postSolution
		SolutionGuid = {05FB5CA2-1971-429A-8909-5CD24C574ED1}
	EndGlobalSection
EndGlobal
